
Microsoft Visual Studio Solution File, Format Version 12.00
# Visual Studio Version 16
VisualStudioVersion = 16.0.28803.202
MinimumVisualStudioVersion = 10.0.40219.1
Project("{FAE04EC0-301F-11D3-BF4B-00C04F79EFBC}") = "WCA_Variables", "WCA_Variables\WCA_Variables.csproj", "{84A7C3CD-5969-403B-AAF0-B9BF47F17A03}"
EndProject
Global
	GlobalSection(SolutionConfigurationPlatforms) = preSolution
		Debug|Any CPU = Debug|Any CPU
		Release|Any CPU = Release|Any CPU
	EndGlobalSection
	GlobalSection(ProjectConfigurationPlatforms) = postSolution
		{84A7C3CD-5969-403B-AAF0-B9BF47F17A03}.Debug|Any CPU.ActiveCfg = Debug|Any CPU
		{84A7C3CD-5969-403B-AAF0-B9BF47F17A03}.Debug|Any CPU.Build.0 = Debug|Any CPU
		{84A7C3CD-5969-403B-AAF0-B9BF47F17A03}.Release|Any CPU.ActiveCfg = Release|Any CPU
		{84A7C3CD-5969-403B-AAF0-B9BF47F17A03}.Release|Any CPU.Build.0 = Release|Any CPU
	EndGlobalSection
	GlobalSection(SolutionProperties) = preSolution
		HideSolutionNode = FALSE
	EndGlobalSection
	GlobalSection(ExtensibilityGlobals) = postSolution
		SolutionGuid = {4046D911-972B-452B-9136-2613FAF11ECB}
	EndGlobalSection
EndGlobal
